
Microsoft Visual Studio Solution File, Format Version 12.00
# Visual Studio 15
VisualStudioVersion = 15.0.27130.2027
MinimumVisualStudioVersion = 10.0.40219.1
Project("{9A19103F-16F7-4668-BE54-9A1E7A4F7556}") = "SocketIoClientDotNet.netstandard2.0", "SocketIoClientDotNet.netstandard2.0.csproj", "{C8597B7D-FB47-4E8C-B6CC-F6A1A7EB4A66}"
EndProject
Project("{9A19103F-16F7-4668-BE54-9A1E7A4F7556}") = "SocketIoClientDotNet.Tests.netstandard2.0", "..\SocketIoClientDotNet.Tests.netstandard2.0\SocketIoClientDotNet.Tests.netstandard2.0.csproj", "{C5CAD926-2777-4DCE-A490-E5152CA60FE9}"
EndProject
Global
	GlobalSection(SolutionConfigurationPlatforms) = preSolution
		Debug|Any CPU = Debug|Any CPU
		Release|Any CPU = Release|Any CPU
	EndGlobalSection
	GlobalSection(ProjectConfigurationPlatforms) = postSolution
		{C8597B7D-FB47-4E8C-B6CC-F6A1A7EB4A66}.Debug|Any CPU.ActiveCfg = Debug|Any CPU
		{C8597B7D-FB47-4E8C-B6CC-F6A1A7EB4A66}.Debug|Any CPU.Build.0 = Debug|Any CPU
		{C8597B7D-FB47-4E8C-B6CC-F6A1A7EB4A66}.Release|Any CPU.ActiveCfg = Release|Any CPU
		{C8597B7D-FB47-4E8C-B6CC-F6A1A7EB4A66}.Release|Any CPU.Build.0 = Release|Any CPU
		{C5CAD926-2777-4DCE-A490-E5152CA60FE9}.Debug|Any CPU.ActiveCfg = Debug|Any CPU
		{C5CAD926-2777-4DCE-A490-E5152CA60FE9}.Debug|Any CPU.Build.0 = Debug|Any CPU
		{C5CAD926-2777-4DCE-A490-E5152CA60FE9}.Release|Any CPU.ActiveCfg = Release|Any CPU
		{C5CAD926-2777-4DCE-A490-E5152CA60FE9}.Release|Any CPU.Build.0 = Release|Any CPU
	EndGlobalSection
	GlobalSection(SolutionProperties) = preSolution
		HideSolutionNode = FALSE
	EndGlobalSection
	GlobalSection(ExtensibilityGlobals) = postSolution
		SolutionGuid = {8D68B958-C057-4A97-9ACC-9C7E419FC8F8}
	EndGlobalSection
EndGlobal
